github.com/google/go-cmp v0.5.9 h1:O2Tfq5qg4qc4AmwVlvv0oLiVAGB7enBSJ2x2DqQFi38=
github.com/google/go-cmp v0.5.9/go.mod h1:17dUlkBOakJ0+DkrSSNjCkIjxS6bF9zb3elmeNGIjoY=
github.com/viettelidc-provider/viettelidc-api-client-go v1.0.0 h1:nUCjkaVTQKpMFIK5cfNC+eIFvWRy/uyxo6zkad2P4Fs=
github.com/viettelidc-provider/viettelidc-api-client-go v1.0.0/go.mod h1:8s9l0JHkvwwhNkWt3V/aP9WVE5nYWnwCoToKx8yd/Os=
golang.org/x/oauth2 v0.24.0 h1:KTBBxWqUa0ykRPLtV69rRto9TLXcqYkeswu48x/gvNE=
golang.org/x/oauth2 v0.24.0/go.mod h1:XYTD2NtWslqkgxebSiOHnXEap4TF09sJSc7H1sXbhtI=
